
Microsoft Visual Studio Solution File, Format Version 12.00
# Visual Studio Version 16
VisualStudioVersion = 16.0.30711.63
MinimumVisualStudioVersion = 10.0.40219.1
Project("{FAE04EC0-301F-11D3-BF4B-00C04F79EFBC}") = "WorkersManufactor", "WorkersManufactor\WorkersManufactor.csproj", "{2395AB79-929C-454A-9892-9A8D768CECCB}"
EndProject
Global
	GlobalSection(SolutionConfigurationPlatforms) = preSolution
		Debug|Any CPU = Debug|Any CPU
		Release|Any CPU = Release|Any CPU
	EndGlobalSection
	GlobalSection(ProjectConfigurationPlatforms) = postSolution
		{2395AB79-929C-454A-9892-9A8D768CECCB}.Debug|Any CPU.ActiveCfg = Debug|Any CPU
		{2395AB79-929C-454A-9892-9A8D768CECCB}.Debug|Any CPU.Build.0 = Debug|Any CPU
		{2395AB79-929C-454A-9892-9A8D768CECCB}.Release|Any CPU.ActiveCfg = Release|Any CPU
		{2395AB79-929C-454A-9892-9A8D768CECCB}.Release|Any CPU.Build.0 = Release|Any CPU
	EndGlobalSection
	GlobalSection(SolutionProperties) = preSolution
		HideSolutionNode = FALSE
	EndGlobalSection
	GlobalSection(ExtensibilityGlobals) = postSolution
		SolutionGuid = {85422012-D7B9-4C58-82EC-69861D404D34}
	EndGlobalSection
EndGlobal
